// !$*UTF8*$!
{
	archiveVersion = 1;
	classes = {
	};
	objectVersion = 46;
	objects = {

/* Begin PBXBuildFile section */
		2792650C1F1DA94400385335 /* AppDelegate.swift in Sources */ = {isa = PBXBuildFile; fileRef = 2792650B1F1DA94400385335 /* AppDelegate.swift */; };
		2792650E1F1DA94400385335 /* ViewController.swift in Sources */ = {isa = PBXBuildFile; fileRef = 2792650D1F1DA94400385335 /* ViewController.swift */; };
		279265111F1DA94400385335 /* Main.storyboard in Resources */ = {isa = PBXBuildFile; fileRef = 2792650F1F1DA94400385335 /* Main.storyboard */; };
		279265131F1DA94500385335 /* Assets.xcassets in Resources */ = {isa = PBXBuildFile; fileRef = 279265121F1DA94500385335 /* Assets.xcassets */; };
		279265161F1DA94500385335 /* LaunchScreen.storyboard in Resources */ = {isa = PBXBuildFile; fileRef = 279265141F1DA94500385335 /* LaunchScreen.storyboard */; };
		279265211F1DA94800385335 /* stackTests.swift in Sources */ = {isa = PBXBuildFile; fileRef = 279265201F1DA94800385335 /* stackTests.swift */; };
		2792652C1F1DA94900385335 /* stackUITests.swift in Sources */ = {isa = PBXBuildFile; fileRef = 2792652B1F1DA94900385335 /* stackUITests.swift */; };
/* End PBXBuildFile section */

/* Begin PBXContainerItemProxy section */
		2792651D1F1DA94700385335 /* PBXContainerItemProxy */ = {
			isa = PBXContainerItemProxy;
			containerPortal = 279265001F1DA94400385335 /* Project object */;
			proxyType = 1;
			remoteGlobalIDString = 279265071F1DA94400385335;
			remoteInfo = stack;
		};
		279265281F1DA94800385335 /* PBXContainerItemProxy */ = {
			isa = PBXContainerItemProxy;
			containerPortal = 279265001F1DA94400385335 /* Project object */;
			proxyType = 1;
			remoteGlobalIDString = 279265071F1DA94400385335;
			remoteInfo = stack;
		};
/* End PBXContainerItemProxy section */

/* Begin PBXFileReference section */
		279265081F1DA94400385335 /* stack.app */ = {isa = PBXFileReference; explicitFileType = wrapper.application; includeInIndex = 0; path = stack.app; sourceTree = BUILT_PRODUCTS_DIR; };
		2792650B1F1DA94400385335 /* AppDelegate.swift */ = {isa = PBXFileReference; lastKnownFileType = sourcecode.swift; path = AppDelegate.swift; sourceTree = "<group>"; };
		2792650D1F1DA94400385335 /* ViewController.swift */ = {isa = PBXFileReference; lastKnownFileType = sourcecode.swift; path = ViewController.swift; sourceTree = "<group>"; };
		279265101F1DA94400385335 /* Base */ = {isa = PBXFileReference; lastKnownFileType = file.storyboard; name = Base; path = Base.lproj/Main.storyboard; sourceTree = "<group>"; };
		279265121F1DA94500385335 /* Assets.xcassets */ = {isa = PBXFileReference; lastKnownFileType = folder.assetcatalog; path = Assets.xcassets; sourceTree = "<group>"; };
		279265151F1DA94500385335 /* Base */ = {isa = PBXFileReference; lastKnownFileType = file.storyboard; name = Base; path = Base.lproj/LaunchScreen.storyboard; sourceTree = "<group>"; };
		279265171F1DA94500385335 /* Info.plist */ = {isa = PBXFileReference; lastKnownFileType = text.plist.xml; path = Info.plist; sourceTree = "<group>"; };
		2792651C1F1DA94700385335 /* stackTests.xctest */ = {isa = PBXFileReference; explicitFileType = wrapper.cfbundle; includeInIndex = 0; path = stackTests.xctest; sourceTree = BUILT_PRODUCTS_DIR; };
		279265201F1DA94800385335 /* stackTests.swift */ = {isa = PBXFileReference; lastKnownFileType = sourcecode.swift; path = stackTests.swift; sourceTree = "<group>"; };
		279265221F1DA94800385335 /* Info.plist */ = {isa = PBXFileReference; lastKnownFileType = text.plist.xml; path = Info.plist; sourceTree = "<group>"; };
		279265271F1DA94800385335 /* stackUITests.xctest */ = {isa = PBXFileReference; explicitFileType = wrapper.cfbundle; includeInIndex = 0; path = stackUITests.xctest; sourceTree = BUILT_PRODUCTS_DIR; };
		2792652B1F1DA94900385335 /* stackUITests.swift */ = {isa = PBXFileReference; lastKnownFileType = sourcecode.swift; path = stackUITests.swift; sourceTree = "<group>"; };
		2792652D1F1DA94A00385335 /* Info.plist */ = {isa = PBXFileReference; lastKnownFileType = text.plist.xml; path = Info.plist; sourceTree = "<group>"; };
/* End PBXFileReference section */

/* Begin PBXFrameworksBuildPhase section */
		279265051F1DA94400385335 /* Frameworks */ = {
			isa = PBXFrameworksBuildPhase;
			buildActionMask = 2147483647;
			files = (
			);
			runOnlyForDeploymentPostprocessing = 0;
		};
		279265191F1DA94700385335 /* Frameworks */ = {
			isa = PBXFrameworksBuildPhase;
			buildActionMask = 2147483647;
			files = (
			);
			runOnlyForDeploymentPostprocessing = 0;
		};
		279265241F1DA94800385335 /* Frameworks */ = {
			isa = PBXFrameworksBuildPhase;
			buildActionMask = 2147483647;
			files = (
			);
			runOnlyForDeploymentPostprocessing = 0;
		};
/* End PBXFrameworksBuildPhase section */

/* Begin PBXGroup section */
		279264FF1F1DA94400385335 = {
			isa = PBXGroup;
			children = (
				2792650A1F1DA94400385335 /* stack */,
				2792651F1F1DA94700385335 /* stackTests */,
				2792652A1F1DA94800385335 /* stackUITests */,
				279265091F1DA94400385335 /* Products */,
			);
			sourceTree = "<group>";
		};
		279265091F1DA94400385335 /* Products */ = {
			isa = PBXGroup;
			children = (
				279265081F1DA94400385335 /* stack.app */,
				2792651C1F1DA94700385335 /* stackTests.xctest */,
				279265271F1DA94800385335 /* stackUITests.xctest */,
			);
			name = Products;
			sourceTree = "<group>";
		};
		2792650A1F1DA94400385335 /* stack */ = {
			isa = PBXGroup;
			children = (
				2792650B1F1DA94400385335 /* AppDelegate.swift */,
				2792650D1F1DA94400385335 /* ViewController.swift */,
				2792650F1F1DA94400385335 /* Main.storyboard */,
				279265121F1DA94500385335 /* Assets.xcassets */,
				279265141F1DA94500385335 /* LaunchScreen.storyboard */,
				279265171F1DA94500385335 /* Info.plist */,
			);
			path = stack;
			sourceTree = "<group>";
		};
		2792651F1F1DA94700385335 /* stackTests */ = {
			isa = PBXGroup;
			children = (
				279265201F1DA94800385335 /* stackTests.swift */,
				279265221F1DA94800385335 /* Info.plist */,
			);
			path = stackTests;
			sourceTree = "<group>";
		};
		2792652A1F1DA94800385335 /* stackUITests */ = {
			isa = PBXGroup;
			children = (
				2792652B1F1DA94900385335 /* stackUITests.swift */,
				2792652D1F1DA94A00385335 /* Info.plist */,
			);
			path = stackUITests;
			sourceTree = "<group>";
		};
/* End PBXGroup section */

/* Begin PBXNativeTarget section */
		279265071F1DA94400385335 /* stack */ = {
			isa = PBXNativeTarget;
			buildConfigurationList = 279265301F1DA94B00385335 /* Build configuration list for PBXNativeTarget "stack" */;
			buildPhases = (
				279265041F1DA94400385335 /* Sources */,
				279265051F1DA94400385335 /* Frameworks */,
				279265061F1DA94400385335 /* Resources */,
			);
			buildRules = (
			);
			dependencies = (
			);
			name = stack;
			productName = stack;
			productReference = 279265081F1DA94400385335 /* stack.app */;
			productType = "com.apple.product-type.application";
		};
		2792651B1F1DA94700385335 /* stackTests */ = {
			isa = PBXNativeTarget;
			buildConfigurationList = 279265331F1DA94B00385335 /* Build configuration list for PBXNativeTarget "stackTests" */;
			buildPhases = (
				279265181F1DA94700385335 /* Sources */,
				279265191F1DA94700385335 /* Frameworks */,
				2792651A1F1DA94700385335 /* Resources */,
			);
			buildRules = (
			);
			dependencies = (
				2792651E1F1DA94700385335 /* PBXTargetDependency */,
			);
			name = stackTests;
			productName = stackTests;
			productReference = 2792651C1F1DA94700385335 /* stackTests.xctest */;
			productType = "com.apple.product-type.bundle.unit-test";
		};
		279265261F1DA94800385335 /* stackUITests */ = {
			isa = PBXNativeTarget;
			buildConfigurationList = 279265361F1DA94B00385335 /* Build configuration list for PBXNativeTarget "stackUITests" */;
			buildPhases = (
				279265231F1DA94800385335 /* Sources */,
				279265241F1DA94800385335 /* Frameworks */,
				279265251F1DA94800385335 /* Resources */,
			);
			buildRules = (
			);
			dependencies = (
				279265291F1DA94800385335 /* PBXTargetDependency */,
			);
			name = stackUITests;
			productName = stackUITests;
			productReference = 279265271F1DA94800385335 /* stackUITests.xctest */;
			productType = "com.apple.product-type.bundle.ui-testing";
		};
/* End PBXNativeTarget section */

/* Begin PBXProject section */
		279265001F1DA94400385335 /* Project object */ = {
			isa = PBXProject;
			attributes = {
				LastSwiftUpdateCheck = 0830;
				LastUpgradeCheck = 0830;
				ORGANIZATIONNAME = "Michael Mirochnik";
				TargetAttributes = {
					279265071F1DA94400385335 = {
						CreatedOnToolsVersion = 8.3.3;
						ProvisioningStyle = Automatic;
					};
					2792651B1F1DA94700385335 = {
						CreatedOnToolsVersion = 8.3.3;
						ProvisioningStyle = Automatic;
						TestTargetID = 279265071F1DA94400385335;
					};
					279265261F1DA94800385335 = {
						CreatedOnToolsVersion = 8.3.3;
						ProvisioningStyle = Automatic;
						TestTargetID = 279265071F1DA94400385335;
					};
				};
			};
			buildConfigurationList = 279265031F1DA94400385335 /* Build configuration list for PBXProject "stack" */;
			compatibilityVersion = "Xcode 3.2";
			developmentRegion = English;
			hasScannedForEncodings = 0;
			knownRegions = (
				en,
				Base,
			);
			mainGroup = 279264FF1F1DA94400385335;
			productRefGroup = 279265091F1DA94400385335 /* Products */;
			projectDirPath = "";
			projectRoot = "";
			targets = (
				279265071F1DA94400385335 /* stack */,
				2792651B1F1DA94700385335 /* stackTests */,
				279265261F1DA94800385335 /* stackUITests */,
			);
		};
/* End PBXProject section */

/* Begin PBXResourcesBuildPhase section */
		279265061F1DA94400385335 /* Resources */ = {
			isa = PBXResourcesBuildPhase;
			buildActionMask = 2147483647;
			files = (
				279265161F1DA94500385335 /* LaunchScreen.storyboard in Resources */,
				279265131F1DA94500385335 /* Assets.xcassets in Resources */,
				279265111F1DA94400385335 /* Main.storyboard in Resources */,
			);
			runOnlyForDeploymentPostprocessing = 0;
		};
		2792651A1F1DA94700385335 /* Resources */ = {
			isa = PBXResourcesBuildPhase;
			buildActionMask = 2147483647;
			files = (
			);
			runOnlyForDeploymentPostprocessing = 0;
		};
		279265251F1DA94800385335 /* Resources */ = {
			isa = PBXResourcesBuildPhase;
			buildActionMask = 2147483647;
			files = (
			);
			runOnlyForDeploymentPostprocessing = 0;
		};
/* End PBXResourcesBuildPhase section */

/* Begin PBXSourcesBuildPhase section */
		279265041F1DA94400385335 /* Sources */ = {
			isa = PBXSourcesBuildPhase;
			buildActionMask = 2147483647;
			files = (
				2792650E1F1DA94400385335 /* ViewController.swift in Sources */,
				2792650C1F1DA94400385335 /* AppDelegate.swift in Sources */,
			);
			runOnlyForDeploymentPostprocessing = 0;
		};
		279265181F1DA94700385335 /* Sources */ = {
			isa = PBXSourcesBuildPhase;
			buildActionMask = 2147483647;
			files = (
				279265211F1DA94800385335 /* stackTests.swift in Sources */,
			);
			runOnlyForDeploymentPostprocessing = 0;
		};
		279265231F1DA94800385335 /* Sources */ = {
			isa = PBXSourcesBuildPhase;
			buildActionMask = 2147483647;
			files = (
				2792652C1F1DA94900385335 /* stackUITests.swift in Sources */,
			);
			runOnlyForDeploymentPostprocessing = 0;
		};
/* End PBXSourcesBuildPhase section */

/* Begin PBXTargetDependency section */
		2792651E1F1DA94700385335 /* PBXTargetDependency */ = {
			isa = PBXTargetDependency;
			target = 279265071F1DA94400385335 /* stack */;
			targetProxy = 2792651D1F1DA94700385335 /* PBXContainerItemProxy */;
		};
		279265291F1DA94800385335 /* PBXTargetDependency */ = {
			isa = PBXTargetDependency;
			target = 279265071F1DA94400385335 /* stack */;
			targetProxy = 279265281F1DA94800385335 /* PBXContainerItemProxy */;
		};
/* End PBXTargetDependency section */

/* Begin PBXVariantGroup section */
		2792650F1F1DA94400385335 /* Main.storyboard */ = {
			isa = PBXVariantGroup;
			children = (
				279265101F1DA94400385335 /* Base */,
			);
			name = Main.storyboard;
			sourceTree = "<group>";
		};
		279265141F1DA94500385335 /* LaunchScreen.storyboard */ = {
			isa = PBXVariantGroup;
			children = (
				279265151F1DA94500385335 /* Base */,
			);
			name = LaunchScreen.storyboard;
			sourceTree = "<group>";
		};
/* End PBXVariantGroup section */

/* Begin XCBuildConfiguration section */
		2792652E1F1DA94B00385335 /* Debug */ = {
			isa = XCBuildConfiguration;
			buildSettings = {
				ALWAYS_SEARCH_USER_PATHS = NO;
				CLANG_ANALYZER_NONNULL = YES;
				CLANG_ANALYZER_NUMBER_OBJECT_CONVERSION = YES_AGGRESSIVE;
				CLANG_CXX_LANGUAGE_STANDARD = "gnu++0x";
				CLANG_CXX_LIBRARY = "libc++";
				CLANG_ENABLE_MODULES = YES;
				CLANG_ENABLE_OBJC_ARC = YES;
				CLANG_WARN_BOOL_CONVERSION = YES;
				CLANG_WARN_CONSTANT_CONVERSION = YES;
				CLANG_WARN_DIRECT_OBJC_ISA_USAGE = YES_ERROR;
				CLANG_WARN_DOCUMENTATION_COMMENTS = YES;
				CLANG_WARN_EMPTY_BODY = YES;
				CLANG_WARN_ENUM_CONVERSION = YES;
				CLANG_WARN_INFINITE_RECURSION = YES;
				CLANG_WARN_INT_CONVERSION = YES;
				CLANG_WARN_OBJC_ROOT_CLASS = YES_ERROR;
				CLANG_WARN_SUSPICIOUS_MOVE = YES;
				CLANG_WARN_UNREACHABLE_CODE = YES;
				CLANG_WARN__DUPLICATE_METHOD_MATCH = YES;
				"CODE_SIGN_IDENTITY[sdk=iphoneos*]" = "iPhone Developer";
				COPY_PHASE_STRIP = NO;
				DEBUG_INFORMATION_FORMAT = dwarf;
				ENABLE_STRICT_OBJC_MSGSEND = YES;
				ENABLE_TESTABILITY = YES;
				GCC_C_LANGUAGE_STANDARD = gnu99;
				GCC_DYNAMIC_NO_PIC = NO;
				GCC_NO_COMMON_BLOCKS = YES;
				GCC_OPTIMIZATION_LEVEL = 0;
				GCC_PREPROCESSOR_DEFINITIONS = (
					"DEBUG=1",
					"$(inherited)",
				);
				GCC_WARN_64_TO_32_BIT_CONVERSION = YES;
				GCC_WARN_ABOUT_RETURN_TYPE = YES_ERROR;
				GCC_WARN_UNDECLARED_SELECTOR = YES;
				GCC_WARN_UNINITIALIZED_AUTOS = YES_AGGRESSIVE;
				GCC_WARN_UNUSED_FUNCTION = YES;
				GCC_WARN_UNUSED_VARIABLE = YES;
				IPHONEOS_DEPLOYMENT_TARGET = 10.3;
				MTL_ENABLE_DEBUG_INFO = YES;
				ONLY_ACTIVE_ARCH = YES;
				SDKROOT = iphoneos;
				SWIFT_ACTIVE_COMPILATION_CONDITIONS = DEBUG;
				SWIFT_OPTIMIZATION_LEVEL = "-Onone";
				TARGETED_DEVICE_FAMILY = "1,2";
			};
			name = Debug;
		};
		2792652F1F1DA94B00385335 /* Release */ = {
			isa = XCBuildConfiguration;
			buildSettings = {
				ALWAYS_SEARCH_USER_PATHS = NO;
				CLANG_ANALYZER_NONNULL = YES;
				CLANG_ANALYZER_NUMBER_OBJECT_CONVERSION = YES_AGGRESSIVE;
				CLANG_CXX_LANGUAGE_STANDARD = "gnu++0x";
				CLANG_CXX_LIBRARY = "libc++";
				CLANG_ENABLE_MODULES = YES;
				CLANG_ENABLE_OBJC_ARC = YES;
				CLANG_WARN_BOOL_CONVERSION = YES;
				CLANG_WARN_CONSTANT_CONVERSION = YES;
				CLANG_WARN_DIRECT_OBJC_ISA_USAGE = YES_ERROR;
				CLANG_WARN_DOCUMENTATION_COMMENTS = YES;
				CLANG_WARN_EMPTY_BODY = YES;
				CLANG_WARN_ENUM_CONVERSION = YES;
				CLANG_WARN_INFINITE_RECURSION = YES;
				CLANG_WARN_INT_CONVERSION = YES;
				CLANG_WARN_OBJC_ROOT_CLASS = YES_ERROR;
				CLANG_WARN_SUSPICIOUS_MOVE = YES;
				CLANG_WARN_UNREACHABLE_CODE = YES;
				CLANG_WARN__DUPLICATE_METHOD_MATCH = YES;
				"CODE_SIGN_IDENTITY[sdk=iphoneos*]" = "iPhone Developer";
				COPY_PHASE_STRIP = NO;
				DEBUG_INFORMATION_FORMAT = "dwarf-with-dsym";
				ENABLE_NS_ASSERTIONS = NO;
				ENABLE_STRICT_OBJC_MSGSEND = YES;
				GCC_C_LANGUAGE_STANDARD = gnu99;
				GCC_NO_COMMON_BLOCKS = YES;
				GCC_WARN_64_TO_32_BIT_CONVERSION = YES;
				GCC_WARN_ABOUT_RETURN_TYPE = YES_ERROR;
				GCC_WARN_UNDECLARED_SELECTOR = YES;
				GCC_WARN_UNINITIALIZED_AUTOS = YES_AGGRESSIVE;
				GCC_WARN_UNUSED_FUNCTION = YES;
				GCC_WARN_UNUSED_VARIABLE = YES;
				IPHONEOS_DEPLOYMENT_TARGET = 10.3;
				MTL_ENABLE_DEBUG_INFO = NO;
				SDKROOT = iphoneos;
				SWIFT_OPTIMIZATION_LEVEL = "-Owholemodule";
				TARGETED_DEVICE_FAMILY = "1,2";
				VALIDATE_PRODUCT = YES;
			};
			name = Release;
		};
		279265311F1DA94B00385335 /* Debug */ = {
			isa = XCBuildConfiguration;
			buildSettings = {
				ASSETCATALOG_COMPILER_APPICON_NAME = AppIcon;
				INFOPLIST_FILE = stack/Info.plist;
				LD_RUNPATH_SEARCH_PATHS = "$(inherited) @executable_path/Frameworks";
				PRODUCT_BUNDLE_IDENTIFIER = "-23.stack";
				PRODUCT_NAME = "$(TARGET_NAME)";
				SWIFT_VERSION = 3.0;
				TARGETED_DEVICE_FAMILY = "1,2";
			};
			name = Debug;
		};
		279265321F1DA94B00385335 /* Release */ = {
			isa = XCBuildConfiguration;
			buildSettings = {
				ASSETCATALOG_COMPILER_APPICON_NAME = AppIcon;
				INFOPLIST_FILE = stack/Info.plist;
				LD_RUNPATH_SEARCH_PATHS = "$(inherited) @executable_path/Frameworks";
				PRODUCT_BUNDLE_IDENTIFIER = "-23.stack";
				PRODUCT_NAME = "$(TARGET_NAME)";
				SWIFT_VERSION = 3.0;
				TARGETED_DEVICE_FAMILY = "1,2";
			};
			name = Release;
		};
		279265341F1DA94B00385335 /* Debug */ = {
			isa = XCBuildConfiguration;
			buildSettings = {
				ALWAYS_EMBED_SWIFT_STANDARD_LIBRARIES = YES;
				BUNDLE_LOADER = "$(TEST_HOST)";
				INFOPLIST_FILE = stackTests/Info.plist;
				LD_RUNPATH_SEARCH_PATHS = "$(inherited) @executable_path/Frameworks @loader_path/Frameworks";
				PRODUCT_BUNDLE_IDENTIFIER = "-23.stackTests";
				PRODUCT_NAME = "$(TARGET_NAME)";
				SWIFT_VERSION = 3.0;
				TEST_HOST = "$(BUILT_PRODUCTS_DIR)/stack.app/stack";
			};
			name = Debug;
		};
		279265351F1DA94B00385335 /* Release */ = {
			isa = XCBuildConfiguration;
			buildSettings = {
				ALWAYS_EMBED_SWIFT_STANDARD_LIBRARIES = YES;
				BUNDLE_LOADER = "$(TEST_HOST)";
				INFOPLIST_FILE = stackTests/Info.plist;
				LD_RUNPATH_SEARCH_PATHS = "$(inherited) @executable_path/Frameworks @loader_path/Frameworks";
				PRODUCT_BUNDLE_IDENTIFIER = "-23.stackTests";
				PRODUCT_NAME = "$(TARGET_NAME)";
				SWIFT_VERSION = 3.0;
				TEST_HOST = "$(BUILT_PRODUCTS_DIR)/stack.app/stack";
			};
			name = Release;
		};
		279265371F1DA94B00385335 /* Debug */ = {
			isa = XCBuildConfiguration;
			buildSettings = {
				ALWAYS_EMBED_SWIFT_STANDARD_LIBRARIES = YES;
				INFOPLIST_FILE = stackUITests/Info.plist;
				LD_RUNPATH_SEARCH_PATHS = "$(inherited) @executable_path/Frameworks @loader_path/Frameworks";
				PRODUCT_BUNDLE_IDENTIFIER = "-23.stackUITests";
				PRODUCT_NAME = "$(TARGET_NAME)";
				SWIFT_VERSION = 3.0;
				TEST_TARGET_NAME = stack;
			};
			name = Debug;
		};
		279265381F1DA94B00385335 /* Release */ = {
			isa = XCBuildConfiguration;
			buildSettings = {
				ALWAYS_EMBED_SWIFT_STANDARD_LIBRARIES = YES;
				INFOPLIST_FILE = stackUITests/Info.plist;
				LD_RUNPATH_SEARCH_PATHS = "$(inherited) @executable_path/Frameworks @loader_path/Frameworks";
				PRODUCT_BUNDLE_IDENTIFIER = "-23.stackUITests";
				PRODUCT_NAME = "$(TARGET_NAME)";
				SWIFT_VERSION = 3.0;
				TEST_TARGET_NAME = stack;
			};
			name = Release;
		};
/* End XCBuildConfiguration section */

/* Begin XCConfigurationList section */
		279265031F1DA94400385335 /* Build configuration list for PBXProject "stack" */ = {
			isa = XCConfigurationList;
			buildConfigurations = (
				2792652E1F1DA94B00385335 /* Debug */,
				2792652F1F1DA94B00385335 /* Release */,
			);
			defaultConfigurationIsVisible = 0;
			defaultConfigurationName = Release;
		};
		279265301F1DA94B00385335 /* Build configuration list for PBXNativeTarget "stack" */ = {
			isa = XCConfigurationList;
			buildConfigurations = (
				279265311F1DA94B00385335 /* Debug */,
				279265321F1DA94B00385335 /* Release */,
			);
			defaultConfigurationIsVisible = 0;
		};
		279265331F1DA94B00385335 /* Build configuration list for PBXNativeTarget "stackTests" */ = {
			isa = XCConfigurationList;
			buildConfigurations = (
				279265341F1DA94B00385335 /* Debug */,
				279265351F1DA94B00385335 /* Release */,
			);
			defaultConfigurationIsVisible = 0;
		};
		279265361F1DA94B00385335 /* Build configuration list for PBXNativeTarget "stackUITests" */ = {
			isa = XCConfigurationList;
			buildConfigurations = (
				279265371F1DA94B00385335 /* Debug */,
				279265381F1DA94B00385335 /* Release */,
			);
			defaultConfigurationIsVisible = 0;
		};
/* End XCConfigurationList section */
	};
	rootObject = 279265001F1DA94400385335 /* Project object */;
}
